{
    "_readme": [
        "This file locks the dependencies of your project to a known state",
        "Read more about it at https://getcomposer.org/doc/01-basic-usage.md#installing-dependencies",
        "This file is @generated automatically"
    ],
    "content-hash": "efa814e18104fa39d51e375874c27717",
    "packages": [
        {
            "name": "leafs/anchor",
            "version": "v1.5.0",
            "source": {
                "type": "git",
                "url": "https://github.com/leafsphp/anchor.git",
                "reference": "debc228afd63d46d94d0c1d02629c2d912ecb4ee"
            },
            "dist": {
                "type": "zip",
                "url": "https://api.github.com/repos/leafsphp/anchor/zipball/debc228afd63d46d94d0c1d02629c2d912ecb4ee",
                "reference": "debc228afd63d46d94d0c1d02629c2d912ecb4ee",
                "shasum": ""
            },
            "require-dev": {
                "pestphp/pest": "^1.21"
            },
            "type": "library",
            "autoload": {
                "psr-4": {
                    "Leaf\\": "src"
                }
            },
            "notification-url": "https://packagist.org/downloads/",
            "license": [
                "MIT"
            ],
            "authors": [
                {
                    "name": "Michael Darko",
                    "email": "mickdd22@gmail.com",
                    "homepage": "https://mychi.netlify.app",
                    "role": "Developer"
                }
            ],
            "description": "Leaf PHP util module",
            "homepage": "https://leafphp.netlify.app/#/",
            "keywords": [
                "framework",
                "leaf",
                "php",
                "util"
            ],
            "support": {
                "issues": "https://github.com/leafsphp/anchor/issues",
                "source": "https://github.com/leafsphp/anchor/tree/v1.5.0"
            },
            "funding": [
                {
                    "url": "https://github.com/leafsphp",
                    "type": "github"
                },
                {
                    "url": "https://opencollective.com/leaf",
                    "type": "open_collective"
                }
            ],
            "time": "2023-07-09T00:51:55+00:00"
        },
        {
            "name": "leafs/exception",
            "version": "v3.2.2",
            "source": {
                "type": "git",
                "url": "https://github.com/leafsphp/exceptions.git",
                "reference": "313a11331b214d7f6d0b566de70e274f9faa9f27"
            },
            "dist": {
                "type": "zip",
                "url": "https://api.github.com/repos/leafsphp/exceptions/zipball/313a11331b214d7f6d0b566de70e274f9faa9f27",
                "reference": "313a11331b214d7f6d0b566de70e274f9faa9f27",
                "shasum": ""
            },
            "require": {
                "php": "^5.5.9 || ^7.0 || ^8.0",
                "psr/log": "^1.0.1 || ^2.0 || ^3.0"
            },
            "require-dev": {
                "mockery/mockery": "^0.9 || ^1.0",
                "phpunit/phpunit": "^4.8.36 || ^5.7.27 || ^6.5.14 || ^7.5.20 || ^8.5.8 || ^9.3.3",
                "symfony/var-dumper": "^2.6 || ^3.0 || ^4.0 || ^5.0"
            },
            "suggest": {
                "symfony/var-dumper": "Pretty print complex values better with var-dumper available",
                "whoops/soap": "Formats errors as SOAP responses"
            },
            "type": "library",
            "autoload": {
                "psr-4": {
                    "Leaf\\": "src"
                }
            },
            "notification-url": "https://packagist.org/downloads/",
            "license": [
                "MIT"
            ],
            "authors": [
                {
                    "name": "Filipe Dobreira",
                    "homepage": "https://github.com/filp",
                    "role": "Developer"
                },
                {
                    "name": "Michael Darko",
                    "email": "mickdd22@gmail.com",
                    "homepage": "https://mychi.netlify.app",
                    "role": "Developer"
                }
            ],
            "description": "Error handler for leaf (fork of whoops)",
            "homepage": "https://github.com/leafsphp/exception",
            "keywords": [
                "error",
                "exception",
                "handling",
                "library",
                "throwable",
                "whoops"
            ],
            "support": {
                "source": "https://github.com/leafsphp/exceptions/tree/v3.2.2"
            },
            "funding": [
                {
                    "url": "https://github.com/denis-sokolov",
                    "type": "github"
                }
            ],
            "time": "2023-08-13T18:32:47+00:00"
        },
        {
            "name": "leafs/form",
            "version": "v2.1",
            "source": {
                "type": "git",
                "url": "https://github.com/leafsphp/form.git",
                "reference": "86ecc5c1799b1a26b16cfcff3dbb451f8611ad1e"
            },
            "dist": {
                "type": "zip",
                "url": "https://api.github.com/repos/leafsphp/form/zipball/86ecc5c1799b1a26b16cfcff3dbb451f8611ad1e",
                "reference": "86ecc5c1799b1a26b16cfcff3dbb451f8611ad1e",
                "shasum": ""
            },
            "require": {
                "ext-json": "*"
            },
            "require-dev": {
                "friendsofphp/php-cs-fixer": "^3.0",
                "pestphp/pest": "^1.22"
            },
            "type": "library",
            "autoload": {
                "files": [
                    "src/functions.php"
                ],
                "psr-4": {
                    "Leaf\\": "src"
                }
            },
            "notification-url": "https://packagist.org/downloads/",
            "license": [
                "MIT"
            ],
            "authors": [
                {
                    "name": "Michael Darko",
                    "email": "mickdd22@gmail.com",
                    "homepage": "https://mychi.netlify.app",
                    "role": "Developer"
                }
            ],
            "description": "Simple straightup data validation",
            "homepage": "https://leafphp.dev/modules/forms/",
            "keywords": [
                "form",
                "framework",
                "leaf",
                "php",
                "validation"
            ],
            "support": {
                "issues": "https://github.com/leafsphp/form/issues",
                "source": "https://github.com/leafsphp/form/tree/v2.1"
            },
            "funding": [
                {
                    "url": "https://github.com/leafsphp",
                    "type": "github"
                },
                {
                    "url": "https://opencollective.com/leaf",
                    "type": "open_collective"
                }
            ],
            "time": "2023-11-12T21:51:53+00:00"
        },
        {
            "name": "leafs/http",
            "version": "v2.3.0",
            "source": {
                "type": "git",
                "url": "https://github.com/leafsphp/http.git",
                "reference": "d54f6dc5c28a4e0c0294c39ebdd05d3c059d86f2"
            },
            "dist": {
                "type": "zip",
                "url": "https://api.github.com/repos/leafsphp/http/zipball/d54f6dc5c28a4e0c0294c39ebdd05d3c059d86f2",
                "reference": "d54f6dc5c28a4e0c0294c39ebdd05d3c059d86f2",
                "shasum": ""
            },
            "require": {
                "leafs/anchor": "*",
                "leafs/form": "*"
            },
            "type": "library",
            "autoload": {
                "files": [
                    "src/functions.php"
                ],
                "psr-4": {
                    "Leaf\\Http\\": "src"
                }
            },
            "notification-url": "https://packagist.org/downloads/",
            "license": [
                "MIT"
            ],
            "authors": [
                {
                    "name": "Michael Darko",
                    "email": "mickdd22@gmail.com",
                    "homepage": "https://mychi.netlify.app",
                    "role": "Developer"
                }
            ],
            "description": "Http abstraction for Leaf PHP",
            "homepage": "https://leafphp.dev/modules/http/v/2/request.html",
            "keywords": [
                "framework",
                "headers",
                "http",
                "leaf",
                "php",
                "request",
                "response"
            ],
            "support": {
                "issues": "https://github.com/leafsphp/http/issues",
                "source": "https://github.com/leafsphp/http/tree/v2.3.0"
            },
            "funding": [
                {
                    "url": "https://github.com/leafsphp",
                    "type": "github"
                },
                {
                    "url": "https://opencollective.com/leaf",
                    "type": "open_collective"
                }
            ],
            "time": "2023-08-24T22:52:10+00:00"
        },
        {
            "name": "leafs/leaf",
            "version": "v3.5.0",
            "source": {
                "type": "git",
                "url": "https://github.com/leafsphp/leaf.git",
                "reference": "47ca4ad59b0c0602c937f79c1c259d2073aa2a7f"
            },
            "dist": {
                "type": "zip",
                "url": "https://api.github.com/repos/leafsphp/leaf/zipball/47ca4ad59b0c0602c937f79c1c259d2073aa2a7f",
                "reference": "47ca4ad59b0c0602c937f79c1c259d2073aa2a7f",
                "shasum": ""
            },
            "require": {
                "ext-json": "*",
                "ext-zip": "*",
                "leafs/anchor": "*",
                "leafs/exception": "*",
                "leafs/http": "*",
                "leafs/router": "*",
                "php": "^7.4|^8.0"
            },
            "require-dev": {
                "friendsofphp/php-cs-fixer": "^3.0",
                "pestphp/pest": "^1.21"
            },
            "type": "library",
            "autoload": {
                "files": [
                    "src/functions.php"
                ],
                "psr-4": {
                    "Leaf\\": "src"
                }
            },
            "notification-url": "https://packagist.org/downloads/",
            "license": [
                "MIT"
            ],
            "authors": [
                {
                    "name": "Michael Darko",
                    "email": "mickdd22@gmail.com",
                    "homepage": "https://mychi.netlify.app",
                    "role": "Developer"
                }
            ],
            "description": "Simple, performant and powerful PHP micro-framework for rapid web app & API development",
            "homepage": "https://leafphp.dev",
            "keywords": [
                "framework",
                "leaf",
                "microframework",
                "php",
                "rest",
                "router"
            ],
            "support": {
                "issues": "https://github.com/leafsphp/leaf/issues",
                "source": "https://github.com/leafsphp/leaf/tree/v3.5.0"
            },
            "funding": [
                {
                    "url": "https://github.com/leafsphp",
                    "type": "github"
                },
                {
                    "url": "https://opencollective.com/leaf",
                    "type": "open_collective"
                }
            ],
            "time": "2023-08-11T18:03:58+00:00"
        },
        {
            "name": "leafs/router",
            "version": "v0.2.3",
            "source": {
                "type": "git",
                "url": "https://github.com/leafsphp/router.git",
                "reference": "d7d66f7e76714885d878e70c7cc2c117d5c998ad"
            },
            "dist": {
                "type": "zip",
                "url": "https://api.github.com/repos/leafsphp/router/zipball/d7d66f7e76714885d878e70c7cc2c117d5c998ad",
                "reference": "d7d66f7e76714885d878e70c7cc2c117d5c998ad",
                "shasum": ""
            },
            "require": {
                "leafs/anchor": "*",
                "leafs/http": "*"
            },
            "require-dev": {
                "pestphp/pest": "^1.21"
            },
            "type": "library",
            "autoload": {
                "psr-4": {
                    "Leaf\\": "src"
                }
            },
            "notification-url": "https://packagist.org/downloads/",
            "license": [
                "MIT"
            ],
            "authors": [
                {
                    "name": "Michael Darko",
                    "email": "mickdd22@gmail.com",
                    "homepage": "https://mychi.netlify.app",
                    "role": "Developer"
                }
            ],
            "description": "Leaf router module for Leaf PHP.",
            "homepage": "https://leafphp.netlify.app/#/modules/router",
            "keywords": [
                "framework",
                "leaf",
                "php",
                "rest",
                "router"
            ],
            "support": {
                "issues": "https://github.com/leafsphp/router/issues",
                "source": "https://github.com/leafsphp/router/tree/v0.2.3"
            },
            "funding": [
                {
                    "url": "https://github.com/leafsphp",
                    "type": "github"
                },
                {
                    "url": "https://opencollective.com/leaf",
                    "type": "open_collective"
                }
            ],
            "time": "2023-06-30T09:40:09+00:00"
        },
        {
            "name": "phpmailer/phpmailer",
            "version": "v6.9.1",
            "source": {
                "type": "git",
                "url": "https://github.com/PHPMailer/PHPMailer.git",
                "reference": "039de174cd9c17a8389754d3b877a2ed22743e18"
            },
            "dist": {
                "type": "zip",
                "url": "https://api.github.com/repos/PHPMailer/PHPMailer/zipball/039de174cd9c17a8389754d3b877a2ed22743e18",
                "reference": "039de174cd9c17a8389754d3b877a2ed22743e18",
                "shasum": ""
            },
            "require": {
                "ext-ctype": "*",
                "ext-filter": "*",
                "ext-hash": "*",
                "php": ">=5.5.0"
            },
            "require-dev": {
                "dealerdirect/phpcodesniffer-composer-installer": "^1.0",
                "doctrine/annotations": "^1.2.6 || ^1.13.3",
                "php-parallel-lint/php-console-highlighter": "^1.0.0",
                "php-parallel-lint/php-parallel-lint": "^1.3.2",
                "phpcompatibility/php-compatibility": "^9.3.5",
                "roave/security-advisories": "dev-latest",
                "squizlabs/php_codesniffer": "^3.7.2",
                "yoast/phpunit-polyfills": "^1.0.4"
            },
            "suggest": {
                "decomplexity/SendOauth2": "Adapter for using XOAUTH2 authentication",
                "ext-mbstring": "Needed to send email in multibyte encoding charset or decode encoded addresses",
                "ext-openssl": "Needed for secure SMTP sending and DKIM signing",
                "greew/oauth2-azure-provider": "Needed for Microsoft Azure XOAUTH2 authentication",
                "hayageek/oauth2-yahoo": "Needed for Yahoo XOAUTH2 authentication",
                "league/oauth2-google": "Needed for Google XOAUTH2 authentication",
                "psr/log": "For optional PSR-3 debug logging",
                "symfony/polyfill-mbstring": "To support UTF-8 if the Mbstring PHP extension is not enabled (^1.2)",
                "thenetworg/oauth2-azure": "Needed for Microsoft XOAUTH2 authentication"
            },
            "type": "library",
            "autoload": {
                "psr-4": {
                    "PHPMailer\\PHPMailer\\": "src/"
                }
            },
            "notification-url": "https://packagist.org/downloads/",
            "license": [
                "LGPL-2.1-only"
            ],
            "authors": [
                {
                    "name": "Marcus Bointon",
                    "email": "phpmailer@synchromedia.co.uk"
                },
                {
                    "name": "Jim Jagielski",
                    "email": "jimjag@gmail.com"
                },
                {
                    "name": "Andy Prevost",
                    "email": "codeworxtech@users.sourceforge.net"
                },
                {
                    "name": "Brent R. Matzelle"
                }
            ],
            "description": "PHPMailer is a full-featured email creation and transfer class for PHP",
            "support": {
                "issues": "https://github.com/PHPMailer/PHPMailer/issues",
                "source": "https://github.com/PHPMailer/PHPMailer/tree/v6.9.1"
            },
            "funding": [
                {
                    "url": "https://github.com/Synchro",
                    "type": "github"
                }
            ],
            "time": "2023-11-25T22:23:28+00:00"
        },
        {
            "name": "psr/log",
            "version": "3.0.0",
            "source": {
                "type": "git",
                "url": "https://github.com/php-fig/log.git",
                "reference": "fe5ea303b0887d5caefd3d431c3e61ad47037001"
            },
            "dist": {
                "type": "zip",
                "url": "https://api.github.com/repos/php-fig/log/zipball/fe5ea303b0887d5caefd3d431c3e61ad47037001",
                "reference": "fe5ea303b0887d5caefd3d431c3e61ad47037001",
                "shasum": ""
            },
            "require": {
                "php": ">=8.0.0"
            },
            "type": "library",
            "extra": {
                "branch-alias": {
                    "dev-master": "3.x-dev"
                }
            },
            "autoload": {
                "psr-4": {
                    "Psr\\Log\\": "src"
                }
            },
            "notification-url": "https://packagist.org/downloads/",
            "license": [
                "MIT"
            ],
            "authors": [
                {
                    "name": "PHP-FIG",
                    "homepage": "https://www.php-fig.org/"
                }
            ],
            "description": "Common interface for logging libraries",
            "homepage": "https://github.com/php-fig/log",
            "keywords": [
                "log",
                "psr",
                "psr-3"
            ],
            "support": {
                "source": "https://github.com/php-fig/log/tree/3.0.0"
            },
            "time": "2021-07-14T16:46:02+00:00"
        },
        {
            "name": "ycms/krumo",
            "version": "v0.5.0",
            "source": {
                "type": "git",
                "url": "https://github.com/ycms/krumo.git",
                "reference": "48239769290e267fd7d6ddd1c37e08f96b87221e"
            },
            "dist": {
                "type": "zip",
                "url": "https://api.github.com/repos/ycms/krumo/zipball/48239769290e267fd7d6ddd1c37e08f96b87221e",
                "reference": "48239769290e267fd7d6ddd1c37e08f96b87221e",
                "shasum": ""
            },
            "require": {
                "php": ">=5.2.17"
            },
            "type": "library",
            "autoload": {
                "files": [
                    "class.krumo.php"
                ]
            },
            "notification-url": "https://packagist.org/downloads/",
            "license": [
                "LGPL"
            ],
            "authors": [
                {
                    "name": "Kaloyan K. Tsvetkov",
                    "email": "kaloyan@kaloyan.info"
                },
                {
                    "name": "Matthew J. Mucklo",
                    "email": "mmucklo@corp.oodle.com"
                },
                {
                    "name": "Stefan Thomas",
                    "email": "moon@justmoon.de"
                }
            ],
            "description": "KRUMO - version 2.0 of print_r(); and var_dump(); (with new updates)",
            "keywords": [
                "debug",
                "debugging",
                "krumo",
                "pretty",
                "print",
                "print_r",
                "var_dump"
            ],
            "support": {
                "source": "https://github.com/ycms/krumo/tree/v0.5.0"
            },
            "time": "2014-02-26T21:10:16+00:00"
        }
    ],
    "packages-dev": [],
    "aliases": [],
    "minimum-stability": "stable",
    "stability-flags": [],
    "prefer-stable": false,
    "prefer-lowest": false,
    "platform": [],
    "platform-dev": [],
    "plugin-api-version": "2.6.0"
}
