github.com/bxcodec/faker v2.0.1+incompatible h1:P0KUpUw5w6WJXwrPfv35oc91i4d8nf40Nwln+M/+faA=
github.com/bxcodec/faker v2.0.1+incompatible/go.mod h1:BNzfpVdTwnFJ6GtfYTcQu6l6rHShT+veBxNCnjCx5XM=
github.com/bxcodec/faker/v4 v4.0.0-beta.3 h1:gqYNBvN72QtzKkYohNDKQlm+pg+uwBDVMN28nWHS18k=
github.com/bxcodec/faker/v4 v4.0.0-beta.3/go.mod h1:m6+Ch1Lj3fqW/unZmvkXIdxWS5+XQWPWxcbbQW2X+Ho=
github.com/go-faker/faker/v4 v4.3.0 h1:UXOW7kn/Mwd0u6MR30JjUKVzguT20EB/hBOddAAO+DY=
github.com/go-faker/faker/v4 v4.3.0/go.mod h1:F/bBy8GH9NxOxMInug5Gx4WYeG6fHJZ8Ol/dhcpRub4=
github.com/go-sql-driver/mysql v1.7.1 h1:lUIinVbN1DY0xBg0eMOzmmtGoHwWBbvnWubQUrtU8EI=
github.com/go-sql-driver/mysql v1.7.1/go.mod h1:OXbVy3sEdcQ2Doequ6Z5BW6fXNQTmx+9S1MCJN5yJMI=
golang.org/x/crypto v0.19.0 h1:ENy+Az/9Y1vSrlrvBSyna3PITt4tiZLf7sgCjZBX7Wo=
golang.org/x/crypto v0.19.0/go.mod h1:Iy9bg/ha4yyC70EfRS8jz+B6ybOBKMaSxLj6P6oBDfU=
golang.org/x/text v0.14.0 h1:ScX5w1eTa3QqT8oi6+ziP7dTV1S2+ALU0bI+0zXKWiQ=
golang.org/x/text v0.14.0/go.mod h1:18ZOQIKpY8NJVqYksKHtTdi31H5itFRjB5/qKTNYzSU=
